
Microsoft Visual Studio Solution File, Format Version 12.00
# Visual Studio Version 17
VisualStudioVersion = 17.13.35931.197
MinimumVisualStudioVersion = 10.0.40219.1
Project("{FAE04EC0-301F-11D3-BF4B-00C04F79EFBC}") = "Ecommerce.Shared", "Ecommerce.Shared\Ecommerce.Shared.csproj", "{4471EB40-3F38-41B2-B8E8-6F42C681FAAD}"
EndProject
Project("{FAE04EC0-301F-11D3-BF4B-00C04F79EFBC}") = "Ecommerce.API", "Ecommerce.API\Ecommerce.API.csproj", "{19AC2586-844C-4568-B149-A727A605AC55}"
EndProject
Global
	GlobalSection(SolutionConfigurationPlatforms) = preSolution
		Debug|Any CPU = Debug|Any CPU
		Release|Any CPU = Release|Any CPU
	EndGlobalSection
	GlobalSection(ProjectConfigurationPlatforms) = postSolution
		{4471EB40-3F38-41B2-B8E8-6F42C681FAAD}.Debug|Any CPU.ActiveCfg = Debug|Any CPU
		{4471EB40-3F38-41B2-B8E8-6F42C681FAAD}.Debug|Any CPU.Build.0 = Debug|Any CPU
		{4471EB40-3F38-41B2-B8E8-6F42C681FAAD}.Release|Any CPU.ActiveCfg = Release|Any CPU
		{4471EB40-3F38-41B2-B8E8-6F42C681FAAD}.Release|Any CPU.Build.0 = Release|Any CPU
		{19AC2586-844C-4568-B149-A727A605AC55}.Debug|Any CPU.ActiveCfg = Debug|Any CPU
		{19AC2586-844C-4568-B149-A727A605AC55}.Debug|Any CPU.Build.0 = Debug|Any CPU
		{19AC2586-844C-4568-B149-A727A605AC55}.Release|Any CPU.ActiveCfg = Release|Any CPU
		{19AC2586-844C-4568-B149-A727A605AC55}.Release|Any CPU.Build.0 = Release|Any CPU
	EndGlobalSection
	GlobalSection(SolutionProperties) = preSolution
		HideSolutionNode = FALSE
	EndGlobalSection
	GlobalSection(ExtensibilityGlobals) = postSolution
		SolutionGuid = {56A4E347-479E-4561-9B30-8CED6839812E}
	EndGlobalSection
EndGlobal
